
Microsoft Visual Studio Solution File, Format Version 12.00
# Visual Studio Version 16
VisualStudioVersion = 16.0.30011.22
MinimumVisualStudioVersion = 10.0.40219.1
Project("{FAE04EC0-301F-11D3-BF4B-00C04F79EFBC}") = "TextDLL", "TextDLL\TextDLL.csproj", "{B53A6785-773F-462C-9085-0A0EBB3199CF}"
EndProject
Global
	GlobalSection(SolutionConfigurationPlatforms) = preSolution
		Debug|Any CPU = Debug|Any CPU
		Release|Any CPU = Release|Any CPU
	EndGlobalSection
	GlobalSection(ProjectConfigurationPlatforms) = postSolution
		{B53A6785-773F-462C-9085-0A0EBB3199CF}.Debug|Any CPU.ActiveCfg = Debug|Any CPU
		{B53A6785-773F-462C-9085-0A0EBB3199CF}.Debug|Any CPU.Build.0 = Debug|Any CPU
		{B53A6785-773F-462C-9085-0A0EBB3199CF}.Release|Any CPU.ActiveCfg = Release|Any CPU
		{B53A6785-773F-462C-9085-0A0EBB3199CF}.Release|Any CPU.Build.0 = Release|Any CPU
	EndGlobalSection
	GlobalSection(SolutionProperties) = preSolution
		HideSolutionNode = FALSE
	EndGlobalSection
	GlobalSection(ExtensibilityGlobals) = postSolution
		SolutionGuid = {7A258A5E-107A-47A4-A4C9-69618DF62EBD}
	EndGlobalSection
EndGlobal
